// !$*UTF8*$!
{
	archiveVersion = 1;
	classes = {
	};
	objectVersion = 46;
	objects = {

/* Begin PBXBuildFile section */
		72662D6B1EEADAD200827BA1 /* AppDelegate.swift in Sources */ = {isa = PBXBuildFile; fileRef = 72662D6A1EEADAD200827BA1 /* AppDelegate.swift */; };
		72662D6D1EEADAD200827BA1 /* ViewController.swift in Sources */ = {isa = PBXBuildFile; fileRef = 72662D6C1EEADAD200827BA1 /* ViewController.swift */; };
		72662D701EEADAD300827BA1 /* Main.storyboard in Resources */ = {isa = PBXBuildFile; fileRef = 72662D6E1EEADAD300827BA1 /* Main.storyboard */; };
		72662D721EEADAD300827BA1 /* Assets.xcassets in Resources */ = {isa = PBXBuildFile; fileRef = 72662D711EEADAD300827BA1 /* Assets.xcassets */; };
		72662D751EEADAD300827BA1 /* LaunchScreen.storyboard in Resources */ = {isa = PBXBuildFile; fileRef = 72662D731EEADAD300827BA1 /* LaunchScreen.storyboard */; };
		72662D861EEAECDD00827BA1 /* MapKit.framework in Frameworks */ = {isa = PBXBuildFile; fileRef = 72662D851EEAECDD00827BA1 /* MapKit.framework */; };
		72662D8A1EEAF10200827BA1 /* User.swift in Sources */ = {isa = PBXBuildFile; fileRef = 72662D891EEAF10200827BA1 /* User.swift */; };
		72662D8C1EEAF1D500827BA1 /* UserInfo.xib in Resources */ = {isa = PBXBuildFile; fileRef = 72662D8B1EEAF1D500827BA1 /* UserInfo.xib */; };
		72662D8E1EEAF2DF00827BA1 /* UserInfoView.swift in Sources */ = {isa = PBXBuildFile; fileRef = 72662D8D1EEAF2DF00827BA1 /* UserInfoView.swift */; };
		72662D901EEAFBAC00827BA1 /* UsersFetcher.swift in Sources */ = {isa = PBXBuildFile; fileRef = 72662D8F1EEAFBAC00827BA1 /* UsersFetcher.swift */; };
		72662D921EEB0B0600827BA1 /* UserActionPerformer.swift in Sources */ = {isa = PBXBuildFile; fileRef = 72662D911EEB0B0600827BA1 /* UserActionPerformer.swift */; };
/* End PBXBuildFile section */

/* Begin PBXFileReference section */
		72662D671EEADAD200827BA1 /* BrightOfficer.app */ = {isa = PBXFileReference; explicitFileType = wrapper.application; includeInIndex = 0; path = BrightOfficer.app; sourceTree = BUILT_PRODUCTS_DIR; };
		72662D6A1EEADAD200827BA1 /* AppDelegate.swift */ = {isa = PBXFileReference; lastKnownFileType = sourcecode.swift; path = AppDelegate.swift; sourceTree = "<group>"; };
		72662D6C1EEADAD200827BA1 /* ViewController.swift */ = {isa = PBXFileReference; lastKnownFileType = sourcecode.swift; path = ViewController.swift; sourceTree = "<group>"; };
		72662D6F1EEADAD300827BA1 /* Base */ = {isa = PBXFileReference; lastKnownFileType = file.storyboard; name = Base; path = Base.lproj/Main.storyboard; sourceTree = "<group>"; };
		72662D711EEADAD300827BA1 /* Assets.xcassets */ = {isa = PBXFileReference; lastKnownFileType = folder.assetcatalog; path = Assets.xcassets; sourceTree = "<group>"; };
		72662D741EEADAD300827BA1 /* Base */ = {isa = PBXFileReference; lastKnownFileType = file.storyboard; name = Base; path = Base.lproj/LaunchScreen.storyboard; sourceTree = "<group>"; };
		72662D761EEADAD300827BA1 /* Info.plist */ = {isa = PBXFileReference; lastKnownFileType = text.plist.xml; path = Info.plist; sourceTree = "<group>"; };
		72662D851EEAECDD00827BA1 /* MapKit.framework */ = {isa = PBXFileReference; lastKnownFileType = wrapper.framework; name = MapKit.framework; path = System/Library/Frameworks/MapKit.framework; sourceTree = SDKROOT; };
		72662D891EEAF10200827BA1 /* User.swift */ = {isa = PBXFileReference; fileEncoding = 4; lastKnownFileType = sourcecode.swift; path = User.swift; sourceTree = "<group>"; };
		72662D8B1EEAF1D500827BA1 /* UserInfo.xib */ = {isa = PBXFileReference; fileEncoding = 4; lastKnownFileType = file.xib; path = UserInfo.xib; sourceTree = "<group>"; };
		72662D8D1EEAF2DF00827BA1 /* UserInfoView.swift */ = {isa = PBXFileReference; fileEncoding = 4; lastKnownFileType = sourcecode.swift; path = UserInfoView.swift; sourceTree = "<group>"; };
		72662D8F1EEAFBAC00827BA1 /* UsersFetcher.swift */ = {isa = PBXFileReference; fileEncoding = 4; lastKnownFileType = sourcecode.swift; path = UsersFetcher.swift; sourceTree = "<group>"; };
		72662D911EEB0B0600827BA1 /* UserActionPerformer.swift */ = {isa = PBXFileReference; fileEncoding = 4; lastKnownFileType = sourcecode.swift; path = UserActionPerformer.swift; sourceTree = "<group>"; };
/* End PBXFileReference section */

/* Begin PBXFrameworksBuildPhase section */
		72662D641EEADAD200827BA1 /* Frameworks */ = {
			isa = PBXFrameworksBuildPhase;
			buildActionMask = 2147483647;
			files = (
				72662D861EEAECDD00827BA1 /* MapKit.framework in Frameworks */,
			);
			runOnlyForDeploymentPostprocessing = 0;
		};
/* End PBXFrameworksBuildPhase section */

/* Begin PBXGroup section */
		72662D5E1EEADAD200827BA1 = {
			isa = PBXGroup;
			children = (
				72662D691EEADAD200827BA1 /* BrightOfficer */,
				72662D681EEADAD200827BA1 /* Products */,
				72662D841EEAECDD00827BA1 /* Frameworks */,
			);
			sourceTree = "<group>";
		};
		72662D681EEADAD200827BA1 /* Products */ = {
			isa = PBXGroup;
			children = (
				72662D671EEADAD200827BA1 /* BrightOfficer.app */,
			);
			name = Products;
			sourceTree = "<group>";
		};
		72662D691EEADAD200827BA1 /* BrightOfficer */ = {
			isa = PBXGroup;
			children = (
				72662D6A1EEADAD200827BA1 /* AppDelegate.swift */,
				72662D6C1EEADAD200827BA1 /* ViewController.swift */,
				72662D911EEB0B0600827BA1 /* UserActionPerformer.swift */,
				72662D8F1EEAFBAC00827BA1 /* UsersFetcher.swift */,
				72662D891EEAF10200827BA1 /* User.swift */,
				72662D8D1EEAF2DF00827BA1 /* UserInfoView.swift */,
				72662D8B1EEAF1D500827BA1 /* UserInfo.xib */,
				72662D6E1EEADAD300827BA1 /* Main.storyboard */,
				72662D711EEADAD300827BA1 /* Assets.xcassets */,
				72662D731EEADAD300827BA1 /* LaunchScreen.storyboard */,
				72662D761EEADAD300827BA1 /* Info.plist */,
			);
			path = BrightOfficer;
			sourceTree = "<group>";
		};
		72662D841EEAECDD00827BA1 /* Frameworks */ = {
			isa = PBXGroup;
			children = (
				72662D851EEAECDD00827BA1 /* MapKit.framework */,
			);
			name = Frameworks;
			sourceTree = "<group>";
		};
/* End PBXGroup section */

/* Begin PBXNativeTarget section */
		72662D661EEADAD200827BA1 /* BrightOfficer */ = {
			isa = PBXNativeTarget;
			buildConfigurationList = 72662D791EEADAD300827BA1 /* Build configuration list for PBXNativeTarget "BrightOfficer" */;
			buildPhases = (
				72662D631EEADAD200827BA1 /* Sources */,
				72662D641EEADAD200827BA1 /* Frameworks */,
				72662D651EEADAD200827BA1 /* Resources */,
			);
			buildRules = (
			);
			dependencies = (
			);
			name = BrightOfficer;
			productName = BrightOfficer;
			productReference = 72662D671EEADAD200827BA1 /* BrightOfficer.app */;
			productType = "com.apple.product-type.application";
		};
/* End PBXNativeTarget section */

/* Begin PBXProject section */
		72662D5F1EEADAD200827BA1 /* Project object */ = {
			isa = PBXProject;
			attributes = {
				LastSwiftUpdateCheck = 0830;
				LastUpgradeCheck = 0830;
				ORGANIZATIONNAME = "Eliasz Sawicki";
				TargetAttributes = {
					72662D661EEADAD200827BA1 = {
						CreatedOnToolsVersion = 8.3.3;
						ProvisioningStyle = Automatic;
					};
				};
			};
			buildConfigurationList = 72662D621EEADAD200827BA1 /* Build configuration list for PBXProject "BrightOfficer" */;
			compatibilityVersion = "Xcode 3.2";
			developmentRegion = English;
			hasScannedForEncodings = 0;
			knownRegions = (
				en,
				Base,
			);
			mainGroup = 72662D5E1EEADAD200827BA1;
			productRefGroup = 72662D681EEADAD200827BA1 /* Products */;
			projectDirPath = "";
			projectRoot = "";
			targets = (
				72662D661EEADAD200827BA1 /* BrightOfficer */,
			);
		};
/* End PBXProject section */

/* Begin PBXResourcesBuildPhase section */
		72662D651EEADAD200827BA1 /* Resources */ = {
			isa = PBXResourcesBuildPhase;
			buildActionMask = 2147483647;
			files = (
				72662D8C1EEAF1D500827BA1 /* UserInfo.xib in Resources */,
				72662D751EEADAD300827BA1 /* LaunchScreen.storyboard in Resources */,
				72662D721EEADAD300827BA1 /* Assets.xcassets in Resources */,
				72662D701EEADAD300827BA1 /* Main.storyboard in Resources */,
			);
			runOnlyForDeploymentPostprocessing = 0;
		};
/* End PBXResourcesBuildPhase section */

/* Begin PBXSourcesBuildPhase section */
		72662D631EEADAD200827BA1 /* Sources */ = {
			isa = PBXSourcesBuildPhase;
			buildActionMask = 2147483647;
			files = (
				72662D901EEAFBAC00827BA1 /* UsersFetcher.swift in Sources */,
				72662D6D1EEADAD200827BA1 /* ViewController.swift in Sources */,
				72662D6B1EEADAD200827BA1 /* AppDelegate.swift in Sources */,
				72662D8A1EEAF10200827BA1 /* User.swift in Sources */,
				72662D8E1EEAF2DF00827BA1 /* UserInfoView.swift in Sources */,
				72662D921EEB0B0600827BA1 /* UserActionPerformer.swift in Sources */,
			);
			runOnlyForDeploymentPostprocessing = 0;
		};
/* End PBXSourcesBuildPhase section */

/* Begin PBXVariantGroup section */
		72662D6E1EEADAD300827BA1 /* Main.storyboard */ = {
			isa = PBXVariantGroup;
			children = (
				72662D6F1EEADAD300827BA1 /* Base */,
			);
			name = Main.storyboard;
			sourceTree = "<group>";
		};
		72662D731EEADAD300827BA1 /* LaunchScreen.storyboard */ = {
			isa = PBXVariantGroup;
			children = (
				72662D741EEADAD300827BA1 /* Base */,
			);
			name = LaunchScreen.storyboard;
			sourceTree = "<group>";
		};
/* End PBXVariantGroup section */

/* Begin XCBuildConfiguration section */
		72662D771EEADAD300827BA1 /* Debug */ = {
			isa = XCBuildConfiguration;
			buildSettings = {
				ALWAYS_SEARCH_USER_PATHS = NO;
				CLANG_ANALYZER_NONNULL = YES;
				CLANG_ANALYZER_NUMBER_OBJECT_CONVERSION = YES_AGGRESSIVE;
				CLANG_CXX_LANGUAGE_STANDARD = "gnu++0x";
				CLANG_CXX_LIBRARY = "libc++";
				CLANG_ENABLE_MODULES = YES;
				CLANG_ENABLE_OBJC_ARC = YES;
				CLANG_WARN_BOOL_CONVERSION = YES;
				CLANG_WARN_CONSTANT_CONVERSION = YES;
				CLANG_WARN_DIRECT_OBJC_ISA_USAGE = YES_ERROR;
				CLANG_WARN_DOCUMENTATION_COMMENTS = YES;
				CLANG_WARN_EMPTY_BODY = YES;
				CLANG_WARN_ENUM_CONVERSION = YES;
				CLANG_WARN_INFINITE_RECURSION = YES;
				CLANG_WARN_INT_CONVERSION = YES;
				CLANG_WARN_OBJC_ROOT_CLASS = YES_ERROR;
				CLANG_WARN_SUSPICIOUS_MOVE = YES;
				CLANG_WARN_UNREACHABLE_CODE = YES;
				CLANG_WARN__DUPLICATE_METHOD_MATCH = YES;
				"CODE_SIGN_IDENTITY[sdk=iphoneos*]" = "iPhone Developer";
				COPY_PHASE_STRIP = NO;
				DEBUG_INFORMATION_FORMAT = dwarf;
				ENABLE_STRICT_OBJC_MSGSEND = YES;
				ENABLE_TESTABILITY = YES;
				GCC_C_LANGUAGE_STANDARD = gnu99;
				GCC_DYNAMIC_NO_PIC = NO;
				GCC_NO_COMMON_BLOCKS = YES;
				GCC_OPTIMIZATION_LEVEL = 0;
				GCC_PREPROCESSOR_DEFINITIONS = (
					"DEBUG=1",
					"$(inherited)",
				);
				GCC_WARN_64_TO_32_BIT_CONVERSION = YES;
				GCC_WARN_ABOUT_RETURN_TYPE = YES_ERROR;
				GCC_WARN_UNDECLARED_SELECTOR = YES;
				GCC_WARN_UNINITIALIZED_AUTOS = YES_AGGRESSIVE;
				GCC_WARN_UNUSED_FUNCTION = YES;
				GCC_WARN_UNUSED_VARIABLE = YES;
				IPHONEOS_DEPLOYMENT_TARGET = 10.3;
				MTL_ENABLE_DEBUG_INFO = YES;
				ONLY_ACTIVE_ARCH = YES;
				SDKROOT = iphoneos;
				SWIFT_ACTIVE_COMPILATION_CONDITIONS = DEBUG;
				SWIFT_OPTIMIZATION_LEVEL = "-Onone";
			};
			name = Debug;
		};
		72662D781EEADAD300827BA1 /* Release */ = {
			isa = XCBuildConfiguration;
			buildSettings = {
				ALWAYS_SEARCH_USER_PATHS = NO;
				CLANG_ANALYZER_NONNULL = YES;
				CLANG_ANALYZER_NUMBER_OBJECT_CONVERSION = YES_AGGRESSIVE;
				CLANG_CXX_LANGUAGE_STANDARD = "gnu++0x";
				CLANG_CXX_LIBRARY = "libc++";
				CLANG_ENABLE_MODULES = YES;
				CLANG_ENABLE_OBJC_ARC = YES;
				CLANG_WARN_BOOL_CONVERSION = YES;
				CLANG_WARN_CONSTANT_CONVERSION = YES;
				CLANG_WARN_DIRECT_OBJC_ISA_USAGE = YES_ERROR;
				CLANG_WARN_DOCUMENTATION_COMMENTS = YES;
				CLANG_WARN_EMPTY_BODY = YES;
				CLANG_WARN_ENUM_CONVERSION = YES;
				CLANG_WARN_INFINITE_RECURSION = YES;
				CLANG_WARN_INT_CONVERSION = YES;
				CLANG_WARN_OBJC_ROOT_CLASS = YES_ERROR;
				CLANG_WARN_SUSPICIOUS_MOVE = YES;
				CLANG_WARN_UNREACHABLE_CODE = YES;
				CLANG_WARN__DUPLICATE_METHOD_MATCH = YES;
				"CODE_SIGN_IDENTITY[sdk=iphoneos*]" = "iPhone Developer";
				COPY_PHASE_STRIP = NO;
				DEBUG_INFORMATION_FORMAT = "dwarf-with-dsym";
				ENABLE_NS_ASSERTIONS = NO;
				ENABLE_STRICT_OBJC_MSGSEND = YES;
				GCC_C_LANGUAGE_STANDARD = gnu99;
				GCC_NO_COMMON_BLOCKS = YES;
				GCC_WARN_64_TO_32_BIT_CONVERSION = YES;
				GCC_WARN_ABOUT_RETURN_TYPE = YES_ERROR;
				GCC_WARN_UNDECLARED_SELECTOR = YES;
				GCC_WARN_UNINITIALIZED_AUTOS = YES_AGGRESSIVE;
				GCC_WARN_UNUSED_FUNCTION = YES;
				GCC_WARN_UNUSED_VARIABLE = YES;
				IPHONEOS_DEPLOYMENT_TARGET = 10.3;
				MTL_ENABLE_DEBUG_INFO = NO;
				SDKROOT = iphoneos;
				SWIFT_OPTIMIZATION_LEVEL = "-Owholemodule";
				VALIDATE_PRODUCT = YES;
			};
			name = Release;
		};
		72662D7A1EEADAD300827BA1 /* Debug */ = {
			isa = XCBuildConfiguration;
			buildSettings = {
				ASSETCATALOG_COMPILER_APPICON_NAME = AppIcon;
				INFOPLIST_FILE = BrightOfficer/Info.plist;
				LD_RUNPATH_SEARCH_PATHS = "$(inherited) @executable_path/Frameworks";
				PRODUCT_BUNDLE_IDENTIFIER = com.elisawic.BrightOfficer;
				PRODUCT_NAME = "$(TARGET_NAME)";
				SWIFT_VERSION = 3.0;
				TARGETED_DEVICE_FAMILY = 2;
			};
			name = Debug;
		};
		72662D7B1EEADAD300827BA1 /* Release */ = {
			isa = XCBuildConfiguration;
			buildSettings = {
				ASSETCATALOG_COMPILER_APPICON_NAME = AppIcon;
				INFOPLIST_FILE = BrightOfficer/Info.plist;
				LD_RUNPATH_SEARCH_PATHS = "$(inherited) @executable_path/Frameworks";
				PRODUCT_BUNDLE_IDENTIFIER = com.elisawic.BrightOfficer;
				PRODUCT_NAME = "$(TARGET_NAME)";
				SWIFT_VERSION = 3.0;
				TARGETED_DEVICE_FAMILY = 2;
			};
			name = Release;
		};
/* End XCBuildConfiguration section */

/* Begin XCConfigurationList section */
		72662D621EEADAD200827BA1 /* Build configuration list for PBXProject "BrightOfficer" */ = {
			isa = XCConfigurationList;
			buildConfigurations = (
				72662D771EEADAD300827BA1 /* Debug */,
				72662D781EEADAD300827BA1 /* Release */,
			);
			defaultConfigurationIsVisible = 0;
			defaultConfigurationName = Release;
		};
		72662D791EEADAD300827BA1 /* Build configuration list for PBXNativeTarget "BrightOfficer" */ = {
			isa = XCConfigurationList;
			buildConfigurations = (
				72662D7A1EEADAD300827BA1 /* Debug */,
				72662D7B1EEADAD300827BA1 /* Release */,
			);
			defaultConfigurationIsVisible = 0;
		};
/* End XCConfigurationList section */
	};
	rootObject = 72662D5F1EEADAD200827BA1 /* Project object */;
}
